
Microsoft Visual Studio Solution File, Format Version 12.00
# Visual Studio Version 17
VisualStudioVersion = 17.5.002.0
MinimumVisualStudioVersion = 10.0.40219.1
Project("{2150E333-8FDC-42A3-9474-1A3956D46DE8}") = "HarryPotter", "HarryPotter", "{154B720C-4ECB-426E-8358-6D63303F2B7D}"
EndProject
Project("{9A19103F-16F7-4668-BE54-9A1E7A4F7556}") = "HarryPotter", "HarryPotter\HarryPotter\HarryPotter.csproj", "{6E50A139-F870-4DF4-92A3-7797A0115574}"
EndProject
Project("{9A19103F-16F7-4668-BE54-9A1E7A4F7556}") = "HarryPotter.Desktop", "HarryPotter\HarryPotter.Desktop\HarryPotter.Desktop.csproj", "{87185091-F721-451E-AC60-CB29890A24E2}"
EndProject
Project("{9A19103F-16F7-4668-BE54-9A1E7A4F7556}") = "HarryPotter.Server", "HarryPotter\HarryPotter.Server\HarryPotter.Server.csproj", "{59E8E1AC-637F-4F06-B8BC-79255A2C2737}"
EndProject
Project("{9A19103F-16F7-4668-BE54-9A1E7A4F7556}") = "HarryPotter.Browser", "HarryPotter\HarryPotter.Browser\HarryPotter.Browser.csproj", "{5524653B-143E-4BC3-8219-F4BC4EDCF94F}"
EndProject
Project("{2150E333-8FDC-42A3-9474-1A3956D46DE8}") = "IPManager", "IPManager", "{E17EA16B-674A-4F84-A8B4-A8C5D33E22E6}"
EndProject
Project("{9A19103F-16F7-4668-BE54-9A1E7A4F7556}") = "IpManager.Server", "IPManager\IpManager.Server\IpManager.Server.csproj", "{ECD02BA1-35B7-4DC1-AF6C-F40F9E41ED7B}"
EndProject
Project("{9A19103F-16F7-4668-BE54-9A1E7A4F7556}") = "IPManager", "IPManager\IPManager\IPManager.csproj", "{FCEA3524-37C9-410F-889F-BF8CF35B5054}"
EndProject
Project("{9A19103F-16F7-4668-BE54-9A1E7A4F7556}") = "IpManager.Serialization", "IPManager\IpManager.Serialization\IpManager.Serialization.csproj", "{B0B368C9-74B1-41A8-BAB8-28A37D8F2005}"
EndProject
Project("{9A19103F-16F7-4668-BE54-9A1E7A4F7556}") = "IPManager.Browser", "IPManager\IPManager.Browser\IPManager.Browser.csproj", "{823DA632-8A53-4AD0-BF47-F60B5AAB0DBF}"
EndProject
Project("{2150E333-8FDC-42A3-9474-1A3956D46DE8}") = "StarWars", "StarWars", "{DAA66939-3CAF-447A-9632-C72A13D71B39}"
EndProject
Project("{9A19103F-16F7-4668-BE54-9A1E7A4F7556}") = "StarWars.Desktop", "StarWars\StarWars.Desktop\StarWars.Desktop.csproj", "{9B022667-1188-4C98-ABD0-7D65F546D9C6}"
EndProject
Project("{9A19103F-16F7-4668-BE54-9A1E7A4F7556}") = "StarWars.Server", "StarWars\StarWars.Server\StarWars.Server.csproj", "{589E0152-D081-4B89-A111-A8D2B04A4A65}"
EndProject
Project("{9A19103F-16F7-4668-BE54-9A1E7A4F7556}") = "StarWars", "StarWars\StarWars\StarWars.csproj", "{FCAD8F3F-A4E9-4DB6-8D8E-EBC84710DE7D}"
EndProject
Project("{9A19103F-16F7-4668-BE54-9A1E7A4F7556}") = "StarWars.Browser", "StarWars\StarWars.Browser\StarWars.Browser.csproj", "{6FDF931F-2E9D-4250-B547-D7426D260361}"
EndProject
Global
	GlobalSection(SolutionConfigurationPlatforms) = preSolution
		Debug|Any CPU = Debug|Any CPU
		Release|Any CPU = Release|Any CPU
	EndGlobalSection
	GlobalSection(ProjectConfigurationPlatforms) = postSolution
		{6E50A139-F870-4DF4-92A3-7797A0115574}.Debug|Any CPU.ActiveCfg = Debug|Any CPU
		{6E50A139-F870-4DF4-92A3-7797A0115574}.Debug|Any CPU.Build.0 = Debug|Any CPU
		{6E50A139-F870-4DF4-92A3-7797A0115574}.Release|Any CPU.ActiveCfg = Release|Any CPU
		{6E50A139-F870-4DF4-92A3-7797A0115574}.Release|Any CPU.Build.0 = Release|Any CPU
		{87185091-F721-451E-AC60-CB29890A24E2}.Debug|Any CPU.ActiveCfg = Debug|Any CPU
		{87185091-F721-451E-AC60-CB29890A24E2}.Debug|Any CPU.Build.0 = Debug|Any CPU
		{87185091-F721-451E-AC60-CB29890A24E2}.Release|Any CPU.ActiveCfg = Release|Any CPU
		{87185091-F721-451E-AC60-CB29890A24E2}.Release|Any CPU.Build.0 = Release|Any CPU
		{59E8E1AC-637F-4F06-B8BC-79255A2C2737}.Debug|Any CPU.ActiveCfg = Debug|Any CPU
		{59E8E1AC-637F-4F06-B8BC-79255A2C2737}.Debug|Any CPU.Build.0 = Debug|Any CPU
		{59E8E1AC-637F-4F06-B8BC-79255A2C2737}.Release|Any CPU.ActiveCfg = Release|Any CPU
		{59E8E1AC-637F-4F06-B8BC-79255A2C2737}.Release|Any CPU.Build.0 = Release|Any CPU
		{5524653B-143E-4BC3-8219-F4BC4EDCF94F}.Debug|Any CPU.ActiveCfg = Debug|Any CPU
		{5524653B-143E-4BC3-8219-F4BC4EDCF94F}.Debug|Any CPU.Build.0 = Debug|Any CPU
		{5524653B-143E-4BC3-8219-F4BC4EDCF94F}.Release|Any CPU.ActiveCfg = Release|Any CPU
		{5524653B-143E-4BC3-8219-F4BC4EDCF94F}.Release|Any CPU.Build.0 = Release|Any CPU
		{ECD02BA1-35B7-4DC1-AF6C-F40F9E41ED7B}.Debug|Any CPU.ActiveCfg = Debug|Any CPU
		{ECD02BA1-35B7-4DC1-AF6C-F40F9E41ED7B}.Debug|Any CPU.Build.0 = Debug|Any CPU
		{ECD02BA1-35B7-4DC1-AF6C-F40F9E41ED7B}.Release|Any CPU.ActiveCfg = Release|Any CPU
		{ECD02BA1-35B7-4DC1-AF6C-F40F9E41ED7B}.Release|Any CPU.Build.0 = Release|Any CPU
		{FCEA3524-37C9-410F-889F-BF8CF35B5054}.Debug|Any CPU.ActiveCfg = Debug|Any CPU
		{FCEA3524-37C9-410F-889F-BF8CF35B5054}.Debug|Any CPU.Build.0 = Debug|Any CPU
		{FCEA3524-37C9-410F-889F-BF8CF35B5054}.Release|Any CPU.ActiveCfg = Release|Any CPU
		{FCEA3524-37C9-410F-889F-BF8CF35B5054}.Release|Any CPU.Build.0 = Release|Any CPU
		{B0B368C9-74B1-41A8-BAB8-28A37D8F2005}.Debug|Any CPU.ActiveCfg = Debug|Any CPU
		{B0B368C9-74B1-41A8-BAB8-28A37D8F2005}.Debug|Any CPU.Build.0 = Debug|Any CPU
		{B0B368C9-74B1-41A8-BAB8-28A37D8F2005}.Release|Any CPU.ActiveCfg = Release|Any CPU
		{B0B368C9-74B1-41A8-BAB8-28A37D8F2005}.Release|Any CPU.Build.0 = Release|Any CPU
		{823DA632-8A53-4AD0-BF47-F60B5AAB0DBF}.Debug|Any CPU.ActiveCfg = Debug|Any CPU
		{823DA632-8A53-4AD0-BF47-F60B5AAB0DBF}.Debug|Any CPU.Build.0 = Debug|Any CPU
		{823DA632-8A53-4AD0-BF47-F60B5AAB0DBF}.Release|Any CPU.ActiveCfg = Release|Any CPU
		{823DA632-8A53-4AD0-BF47-F60B5AAB0DBF}.Release|Any CPU.Build.0 = Release|Any CPU
		{9B022667-1188-4C98-ABD0-7D65F546D9C6}.Debug|Any CPU.ActiveCfg = Debug|Any CPU
		{9B022667-1188-4C98-ABD0-7D65F546D9C6}.Debug|Any CPU.Build.0 = Debug|Any CPU
		{9B022667-1188-4C98-ABD0-7D65F546D9C6}.Release|Any CPU.ActiveCfg = Release|Any CPU
		{9B022667-1188-4C98-ABD0-7D65F546D9C6}.Release|Any CPU.Build.0 = Release|Any CPU
		{589E0152-D081-4B89-A111-A8D2B04A4A65}.Debug|Any CPU.ActiveCfg = Debug|Any CPU
		{589E0152-D081-4B89-A111-A8D2B04A4A65}.Debug|Any CPU.Build.0 = Debug|Any CPU
		{589E0152-D081-4B89-A111-A8D2B04A4A65}.Release|Any CPU.ActiveCfg = Release|Any CPU
		{589E0152-D081-4B89-A111-A8D2B04A4A65}.Release|Any CPU.Build.0 = Release|Any CPU
		{FCAD8F3F-A4E9-4DB6-8D8E-EBC84710DE7D}.Debug|Any CPU.ActiveCfg = Debug|Any CPU
		{FCAD8F3F-A4E9-4DB6-8D8E-EBC84710DE7D}.Debug|Any CPU.Build.0 = Debug|Any CPU
		{FCAD8F3F-A4E9-4DB6-8D8E-EBC84710DE7D}.Release|Any CPU.ActiveCfg = Release|Any CPU
		{FCAD8F3F-A4E9-4DB6-8D8E-EBC84710DE7D}.Release|Any CPU.Build.0 = Release|Any CPU
		{6FDF931F-2E9D-4250-B547-D7426D260361}.Debug|Any CPU.ActiveCfg = Debug|Any CPU
		{6FDF931F-2E9D-4250-B547-D7426D260361}.Debug|Any CPU.Build.0 = Debug|Any CPU
		{6FDF931F-2E9D-4250-B547-D7426D260361}.Release|Any CPU.ActiveCfg = Release|Any CPU
		{6FDF931F-2E9D-4250-B547-D7426D260361}.Release|Any CPU.Build.0 = Release|Any CPU
	EndGlobalSection
	GlobalSection(SolutionProperties) = preSolution
		HideSolutionNode = FALSE
	EndGlobalSection
	GlobalSection(NestedProjects) = preSolution
		{6E50A139-F870-4DF4-92A3-7797A0115574} = {154B720C-4ECB-426E-8358-6D63303F2B7D}
		{87185091-F721-451E-AC60-CB29890A24E2} = {154B720C-4ECB-426E-8358-6D63303F2B7D}
		{59E8E1AC-637F-4F06-B8BC-79255A2C2737} = {154B720C-4ECB-426E-8358-6D63303F2B7D}
		{5524653B-143E-4BC3-8219-F4BC4EDCF94F} = {154B720C-4ECB-426E-8358-6D63303F2B7D}
		{ECD02BA1-35B7-4DC1-AF6C-F40F9E41ED7B} = {E17EA16B-674A-4F84-A8B4-A8C5D33E22E6}
		{FCEA3524-37C9-410F-889F-BF8CF35B5054} = {E17EA16B-674A-4F84-A8B4-A8C5D33E22E6}
		{B0B368C9-74B1-41A8-BAB8-28A37D8F2005} = {E17EA16B-674A-4F84-A8B4-A8C5D33E22E6}
		{823DA632-8A53-4AD0-BF47-F60B5AAB0DBF} = {E17EA16B-674A-4F84-A8B4-A8C5D33E22E6}
		{9B022667-1188-4C98-ABD0-7D65F546D9C6} = {DAA66939-3CAF-447A-9632-C72A13D71B39}
		{589E0152-D081-4B89-A111-A8D2B04A4A65} = {DAA66939-3CAF-447A-9632-C72A13D71B39}
		{FCAD8F3F-A4E9-4DB6-8D8E-EBC84710DE7D} = {DAA66939-3CAF-447A-9632-C72A13D71B39}
		{6FDF931F-2E9D-4250-B547-D7426D260361} = {DAA66939-3CAF-447A-9632-C72A13D71B39}
	EndGlobalSection
	GlobalSection(ExtensibilityGlobals) = postSolution
		SolutionGuid = {CEF250F8-9751-49CB-9E60-B7699F658440}
	EndGlobalSection
EndGlobal
